
Microsoft Visual Studio Solution File, Format Version 12.00
# Visual Studio Version 16
VisualStudioVersion = 16.0.30204.135
MinimumVisualStudioVersion = 10.0.40219.1
Project("{888888A0-9F3D-457C-B088-3A5042F75D52}") = "BillboardScrap", "BillboardScrap.pyproj", "{B9AC7E8B-C6A5-49B1-9AC7-53C7D7AB9D1A}"
EndProject
Global
	GlobalSection(SolutionConfigurationPlatforms) = preSolution
		Debug|Any CPU = Debug|Any CPU
		Release|Any CPU = Release|Any CPU
	EndGlobalSection
	GlobalSection(ProjectConfigurationPlatforms) = postSolution
		{B9AC7E8B-C6A5-49B1-9AC7-53C7D7AB9D1A}.Debug|Any CPU.ActiveCfg = Debug|Any CPU
		{B9AC7E8B-C6A5-49B1-9AC7-53C7D7AB9D1A}.Release|Any CPU.ActiveCfg = Release|Any CPU
	EndGlobalSection
	GlobalSection(SolutionProperties) = preSolution
		HideSolutionNode = FALSE
	EndGlobalSection
	GlobalSection(ExtensibilityGlobals) = postSolution
		SolutionGuid = {C46D587F-911D-416E-9EAB-19A88F5BE02F}
	EndGlobalSection
EndGlobal
